
Microsoft Visual Studio Solution File, Format Version 12.00
# Visual Studio Version 17
VisualStudioVersion = 17.3.32922.545
MinimumVisualStudioVersion = 10.0.40219.1
Project("{FAE04EC0-301F-11D3-BF4B-00C04F79EFBC}") = "homeWork_string", "homeWork_string\homeWork_string.csproj", "{2B6F185A-5E7C-4F7D-B171-6C7F81348BF0}"
EndProject
Global
	GlobalSection(SolutionConfigurationPlatforms) = preSolution
		Debug|Any CPU = Debug|Any CPU
		Release|Any CPU = Release|Any CPU
	EndGlobalSection
	GlobalSection(ProjectConfigurationPlatforms) = postSolution
		{2B6F185A-5E7C-4F7D-B171-6C7F81348BF0}.Debug|Any CPU.ActiveCfg = Debug|Any CPU
		{2B6F185A-5E7C-4F7D-B171-6C7F81348BF0}.Debug|Any CPU.Build.0 = Debug|Any CPU
		{2B6F185A-5E7C-4F7D-B171-6C7F81348BF0}.Release|Any CPU.ActiveCfg = Release|Any CPU
		{2B6F185A-5E7C-4F7D-B171-6C7F81348BF0}.Release|Any CPU.Build.0 = Release|Any CPU
	EndGlobalSection
	GlobalSection(SolutionProperties) = preSolution
		HideSolutionNode = FALSE
	EndGlobalSection
	GlobalSection(ExtensibilityGlobals) = postSolution
		SolutionGuid = {D74FE6AB-DE4D-4414-B6D1-6BA02E534AF9}
	EndGlobalSection
EndGlobal
